
Microsoft Visual Studio Solution File, Format Version 12.00
# Visual Studio Version 17
VisualStudioVersion = 17.10.34916.146
MinimumVisualStudioVersion = 10.0.40219.1
Project("{FAE04EC0-301F-11D3-BF4B-00C04F79EFBC}") = "CLSync", "CLSync.csproj", "{0AE27F82-25D1-4D85-9E71-1A04E20D43CC}"
EndProject
Global
	GlobalSection(SolutionConfigurationPlatforms) = preSolution
		Debug|Any CPU = Debug|Any CPU
		Release|Any CPU = Release|Any CPU
	EndGlobalSection
	GlobalSection(ProjectConfigurationPlatforms) = postSolution
		{0AE27F82-25D1-4D85-9E71-1A04E20D43CC}.Debug|Any CPU.ActiveCfg = Debug|Any CPU
		{0AE27F82-25D1-4D85-9E71-1A04E20D43CC}.Debug|Any CPU.Build.0 = Debug|Any CPU
		{0AE27F82-25D1-4D85-9E71-1A04E20D43CC}.Release|Any CPU.ActiveCfg = Release|Any CPU
		{0AE27F82-25D1-4D85-9E71-1A04E20D43CC}.Release|Any CPU.Build.0 = Release|Any CPU
	EndGlobalSection
	GlobalSection(SolutionProperties) = preSolution
		HideSolutionNode = FALSE
	EndGlobalSection
	GlobalSection(ExtensibilityGlobals) = postSolution
		SolutionGuid = {FDF59EB3-E9B7-44E3-83EB-13E9083009CF}
	EndGlobalSection
EndGlobal
